// !$*UTF8*$!
{
	archiveVersion = 1;
	classes = {
	};
	objectVersion = 50;
	objects = {

/* Begin PBXBuildFile section */
		AD14AE5D269E510500349266 /* FastTyping.jpg in Resources */ = {isa = PBXBuildFile; fileRef = AD14AE5C269E510500349266 /* FastTyping.jpg */; };
		AD1D18B426A01A7700FD03BC /* NewsTableViewController.swift in Sources */ = {isa = PBXBuildFile; fileRef = AD1D18B326A01A7700FD03BC /* NewsTableViewController.swift */; };
		AD2A32D8269C6C7C00781FF0 /* AppDelegate.swift in Sources */ = {isa = PBXBuildFile; fileRef = AD2A32D7269C6C7C00781FF0 /* AppDelegate.swift */; };
		AD2A32DA269C6C7C00781FF0 /* SceneDelegate.swift in Sources */ = {isa = PBXBuildFile; fileRef = AD2A32D9269C6C7C00781FF0 /* SceneDelegate.swift */; };
		AD2A32DC269C6C7C00781FF0 /* ViewController.swift in Sources */ = {isa = PBXBuildFile; fileRef = AD2A32DB269C6C7C00781FF0 /* ViewController.swift */; };
		AD2A32DF269C6C7C00781FF0 /* Main.storyboard in Resources */ = {isa = PBXBuildFile; fileRef = AD2A32DD269C6C7C00781FF0 /* Main.storyboard */; };
		AD2A32E1269C6C7D00781FF0 /* Assets.xcassets in Resources */ = {isa = PBXBuildFile; fileRef = AD2A32E0269C6C7D00781FF0 /* Assets.xcassets */; };
		AD2A32E4269C6C7D00781FF0 /* LaunchScreen.storyboard in Resources */ = {isa = PBXBuildFile; fileRef = AD2A32E2269C6C7D00781FF0 /* LaunchScreen.storyboard */; };
		AD39DD1226A0667500EF537C /* MyCell.swift in Sources */ = {isa = PBXBuildFile; fileRef = AD39DD1126A0667500EF537C /* MyCell.swift */; };
		AD6028CB26A13F41008C1346 /* LoginModel.swift in Sources */ = {isa = PBXBuildFile; fileRef = AD6028CA26A13F41008C1346 /* LoginModel.swift */; };
/* End PBXBuildFile section */

/* Begin PBXFileReference section */
		AD14AE5C269E510500349266 /* FastTyping.jpg */ = {isa = PBXFileReference; lastKnownFileType = image.jpeg; path = FastTyping.jpg; sourceTree = "<group>"; };
		AD1D18B326A01A7700FD03BC /* NewsTableViewController.swift */ = {isa = PBXFileReference; lastKnownFileType = sourcecode.swift; path = NewsTableViewController.swift; sourceTree = "<group>"; };
		AD2A32D4269C6C7C00781FF0 /* APIClient.app */ = {isa = PBXFileReference; explicitFileType = wrapper.application; includeInIndex = 0; path = APIClient.app; sourceTree = BUILT_PRODUCTS_DIR; };
		AD2A32D7269C6C7C00781FF0 /* AppDelegate.swift */ = {isa = PBXFileReference; lastKnownFileType = sourcecode.swift; path = AppDelegate.swift; sourceTree = "<group>"; };
		AD2A32D9269C6C7C00781FF0 /* SceneDelegate.swift */ = {isa = PBXFileReference; lastKnownFileType = sourcecode.swift; path = SceneDelegate.swift; sourceTree = "<group>"; };
		AD2A32DB269C6C7C00781FF0 /* ViewController.swift */ = {isa = PBXFileReference; lastKnownFileType = sourcecode.swift; path = ViewController.swift; sourceTree = "<group>"; };
		AD2A32DE269C6C7C00781FF0 /* Base */ = {isa = PBXFileReference; lastKnownFileType = file.storyboard; name = Base; path = Base.lproj/Main.storyboard; sourceTree = "<group>"; };
		AD2A32E0269C6C7D00781FF0 /* Assets.xcassets */ = {isa = PBXFileReference; lastKnownFileType = folder.assetcatalog; path = Assets.xcassets; sourceTree = "<group>"; };
		AD2A32E3269C6C7D00781FF0 /* Base */ = {isa = PBXFileReference; lastKnownFileType = file.storyboard; name = Base; path = Base.lproj/LaunchScreen.storyboard; sourceTree = "<group>"; };
		AD2A32E5269C6C7D00781FF0 /* Info.plist */ = {isa = PBXFileReference; lastKnownFileType = text.plist.xml; path = Info.plist; sourceTree = "<group>"; };
		AD39DD1126A0667500EF537C /* MyCell.swift */ = {isa = PBXFileReference; lastKnownFileType = sourcecode.swift; path = MyCell.swift; sourceTree = "<group>"; };
		AD6028CA26A13F41008C1346 /* LoginModel.swift */ = {isa = PBXFileReference; lastKnownFileType = sourcecode.swift; path = LoginModel.swift; sourceTree = "<group>"; };
/* End PBXFileReference section */

/* Begin PBXFrameworksBuildPhase section */
		AD2A32D1269C6C7C00781FF0 /* Frameworks */ = {
			isa = PBXFrameworksBuildPhase;
			buildActionMask = 2147483647;
			files = (
			);
			runOnlyForDeploymentPostprocessing = 0;
		};
/* End PBXFrameworksBuildPhase section */

/* Begin PBXGroup section */
		AD14AE5B269E50FD00349266 /* images */ = {
			isa = PBXGroup;
			children = (
				AD14AE5C269E510500349266 /* FastTyping.jpg */,
			);
			path = images;
			sourceTree = "<group>";
		};
		AD2A32CB269C6C7C00781FF0 = {
			isa = PBXGroup;
			children = (
				AD2A32D6269C6C7C00781FF0 /* APIClient */,
				AD2A32D5269C6C7C00781FF0 /* Products */,
			);
			sourceTree = "<group>";
		};
		AD2A32D5269C6C7C00781FF0 /* Products */ = {
			isa = PBXGroup;
			children = (
				AD2A32D4269C6C7C00781FF0 /* APIClient.app */,
			);
			name = Products;
			sourceTree = "<group>";
		};
		AD2A32D6269C6C7C00781FF0 /* APIClient */ = {
			isa = PBXGroup;
			children = (
				AD14AE5B269E50FD00349266 /* images */,
				AD2A32D7269C6C7C00781FF0 /* AppDelegate.swift */,
				AD2A32D9269C6C7C00781FF0 /* SceneDelegate.swift */,
				AD2A32DB269C6C7C00781FF0 /* ViewController.swift */,
				AD2A32DD269C6C7C00781FF0 /* Main.storyboard */,
				AD2A32E0269C6C7D00781FF0 /* Assets.xcassets */,
				AD2A32E2269C6C7D00781FF0 /* LaunchScreen.storyboard */,
				AD2A32E5269C6C7D00781FF0 /* Info.plist */,
				AD1D18B326A01A7700FD03BC /* NewsTableViewController.swift */,
				AD39DD1126A0667500EF537C /* MyCell.swift */,
				AD6028CA26A13F41008C1346 /* LoginModel.swift */,
			);
			path = APIClient;
			sourceTree = "<group>";
		};
/* End PBXGroup section */

/* Begin PBXNativeTarget section */
		AD2A32D3269C6C7C00781FF0 /* APIClient */ = {
			isa = PBXNativeTarget;
			buildConfigurationList = AD2A32E8269C6C7D00781FF0 /* Build configuration list for PBXNativeTarget "APIClient" */;
			buildPhases = (
				AD2A32D0269C6C7C00781FF0 /* Sources */,
				AD2A32D1269C6C7C00781FF0 /* Frameworks */,
				AD2A32D2269C6C7C00781FF0 /* Resources */,
			);
			buildRules = (
			);
			dependencies = (
			);
			name = APIClient;
			productName = APIClient;
			productReference = AD2A32D4269C6C7C00781FF0 /* APIClient.app */;
			productType = "com.apple.product-type.application";
		};
/* End PBXNativeTarget section */

/* Begin PBXProject section */
		AD2A32CC269C6C7C00781FF0 /* Project object */ = {
			isa = PBXProject;
			attributes = {
				LastSwiftUpdateCheck = 1250;
				LastUpgradeCheck = 1250;
				TargetAttributes = {
					AD2A32D3269C6C7C00781FF0 = {
						CreatedOnToolsVersion = 12.5.1;
					};
				};
			};
			buildConfigurationList = AD2A32CF269C6C7C00781FF0 /* Build configuration list for PBXProject "APIClient" */;
			compatibilityVersion = "Xcode 9.3";
			developmentRegion = en;
			hasScannedForEncodings = 0;
			knownRegions = (
				en,
				Base,
			);
			mainGroup = AD2A32CB269C6C7C00781FF0;
			productRefGroup = AD2A32D5269C6C7C00781FF0 /* Products */;
			projectDirPath = "";
			projectRoot = "";
			targets = (
				AD2A32D3269C6C7C00781FF0 /* APIClient */,
			);
		};
/* End PBXProject section */

/* Begin PBXResourcesBuildPhase section */
		AD2A32D2269C6C7C00781FF0 /* Resources */ = {
			isa = PBXResourcesBuildPhase;
			buildActionMask = 2147483647;
			files = (
				AD2A32E4269C6C7D00781FF0 /* LaunchScreen.storyboard in Resources */,
				AD2A32E1269C6C7D00781FF0 /* Assets.xcassets in Resources */,
				AD14AE5D269E510500349266 /* FastTyping.jpg in Resources */,
				AD2A32DF269C6C7C00781FF0 /* Main.storyboard in Resources */,
			);
			runOnlyForDeploymentPostprocessing = 0;
		};
/* End PBXResourcesBuildPhase section */

/* Begin PBXSourcesBuildPhase section */
		AD2A32D0269C6C7C00781FF0 /* Sources */ = {
			isa = PBXSourcesBuildPhase;
			buildActionMask = 2147483647;
			files = (
				AD1D18B426A01A7700FD03BC /* NewsTableViewController.swift in Sources */,
				AD6028CB26A13F41008C1346 /* LoginModel.swift in Sources */,
				AD39DD1226A0667500EF537C /* MyCell.swift in Sources */,
				AD2A32DC269C6C7C00781FF0 /* ViewController.swift in Sources */,
				AD2A32D8269C6C7C00781FF0 /* AppDelegate.swift in Sources */,
				AD2A32DA269C6C7C00781FF0 /* SceneDelegate.swift in Sources */,
			);
			runOnlyForDeploymentPostprocessing = 0;
		};
/* End PBXSourcesBuildPhase section */

/* Begin PBXVariantGroup section */
		AD2A32DD269C6C7C00781FF0 /* Main.storyboard */ = {
			isa = PBXVariantGroup;
			children = (
				AD2A32DE269C6C7C00781FF0 /* Base */,
			);
			name = Main.storyboard;
			sourceTree = "<group>";
		};
		AD2A32E2269C6C7D00781FF0 /* LaunchScreen.storyboard */ = {
			isa = PBXVariantGroup;
			children = (
				AD2A32E3269C6C7D00781FF0 /* Base */,
			);
			name = LaunchScreen.storyboard;
			sourceTree = "<group>";
		};
/* End PBXVariantGroup section */

/* Begin XCBuildConfiguration section */
		AD2A32E6269C6C7D00781FF0 /* Debug */ = {
			isa = XCBuildConfiguration;
			buildSettings = {
				ALWAYS_SEARCH_USER_PATHS = NO;
				CLANG_ANALYZER_NONNULL = YES;
				CLANG_ANALYZER_NUMBER_OBJECT_CONVERSION = YES_AGGRESSIVE;
				CLANG_CXX_LANGUAGE_STANDARD = "gnu++14";
				CLANG_CXX_LIBRARY = "libc++";
				CLANG_ENABLE_MODULES = YES;
				CLANG_ENABLE_OBJC_ARC = YES;
				CLANG_ENABLE_OBJC_WEAK = YES;
				CLANG_WARN_BLOCK_CAPTURE_AUTORELEASING = YES;
				CLANG_WARN_BOOL_CONVERSION = YES;
				CLANG_WARN_COMMA = YES;
				CLANG_WARN_CONSTANT_CONVERSION = YES;
				CLANG_WARN_DEPRECATED_OBJC_IMPLEMENTATIONS = YES;
				CLANG_WARN_DIRECT_OBJC_ISA_USAGE = YES_ERROR;
				CLANG_WARN_DOCUMENTATION_COMMENTS = YES;
				CLANG_WARN_EMPTY_BODY = YES;
				CLANG_WARN_ENUM_CONVERSION = YES;
				CLANG_WARN_INFINITE_RECURSION = YES;
				CLANG_WARN_INT_CONVERSION = YES;
				CLANG_WARN_NON_LITERAL_NULL_CONVERSION = YES;
				CLANG_WARN_OBJC_IMPLICIT_RETAIN_SELF = YES;
				CLANG_WARN_OBJC_LITERAL_CONVERSION = YES;
				CLANG_WARN_OBJC_ROOT_CLASS = YES_ERROR;
				CLANG_WARN_QUOTED_INCLUDE_IN_FRAMEWORK_HEADER = YES;
				CLANG_WARN_RANGE_LOOP_ANALYSIS = YES;
				CLANG_WARN_STRICT_PROTOTYPES = YES;
				CLANG_WARN_SUSPICIOUS_MOVE = YES;
				CLANG_WARN_UNGUARDED_AVAILABILITY = YES_AGGRESSIVE;
				CLANG_WARN_UNREACHABLE_CODE = YES;
				CLANG_WARN__DUPLICATE_METHOD_MATCH = YES;
				COPY_PHASE_STRIP = NO;
				DEBUG_INFORMATION_FORMAT = dwarf;
				ENABLE_STRICT_OBJC_MSGSEND = YES;
				ENABLE_TESTABILITY = YES;
				GCC_C_LANGUAGE_STANDARD = gnu11;
				GCC_DYNAMIC_NO_PIC = NO;
				GCC_NO_COMMON_BLOCKS = YES;
				GCC_OPTIMIZATION_LEVEL = 0;
				GCC_PREPROCESSOR_DEFINITIONS = (
					"DEBUG=1",
					"$(inherited)",
				);
				GCC_WARN_64_TO_32_BIT_CONVERSION = YES;
				GCC_WARN_ABOUT_RETURN_TYPE = YES_ERROR;
				GCC_WARN_UNDECLARED_SELECTOR = YES;
				GCC_WARN_UNINITIALIZED_AUTOS = YES_AGGRESSIVE;
				GCC_WARN_UNUSED_FUNCTION = YES;
				GCC_WARN_UNUSED_VARIABLE = YES;
				IPHONEOS_DEPLOYMENT_TARGET = 14.5;
				MTL_ENABLE_DEBUG_INFO = INCLUDE_SOURCE;
				MTL_FAST_MATH = YES;
				ONLY_ACTIVE_ARCH = YES;
				SDKROOT = iphoneos;
				SWIFT_ACTIVE_COMPILATION_CONDITIONS = DEBUG;
				SWIFT_OPTIMIZATION_LEVEL = "-Onone";
			};
			name = Debug;
		};
		AD2A32E7269C6C7D00781FF0 /* Release */ = {
			isa = XCBuildConfiguration;
			buildSettings = {
				ALWAYS_SEARCH_USER_PATHS = NO;
				CLANG_ANALYZER_NONNULL = YES;
				CLANG_ANALYZER_NUMBER_OBJECT_CONVERSION = YES_AGGRESSIVE;
				CLANG_CXX_LANGUAGE_STANDARD = "gnu++14";
				CLANG_CXX_LIBRARY = "libc++";
				CLANG_ENABLE_MODULES = YES;
				CLANG_ENABLE_OBJC_ARC = YES;
				CLANG_ENABLE_OBJC_WEAK = YES;
				CLANG_WARN_BLOCK_CAPTURE_AUTORELEASING = YES;
				CLANG_WARN_BOOL_CONVERSION = YES;
				CLANG_WARN_COMMA = YES;
				CLANG_WARN_CONSTANT_CONVERSION = YES;
				CLANG_WARN_DEPRECATED_OBJC_IMPLEMENTATIONS = YES;
				CLANG_WARN_DIRECT_OBJC_ISA_USAGE = YES_ERROR;
				CLANG_WARN_DOCUMENTATION_COMMENTS = YES;
				CLANG_WARN_EMPTY_BODY = YES;
				CLANG_WARN_ENUM_CONVERSION = YES;
				CLANG_WARN_INFINITE_RECURSION = YES;
				CLANG_WARN_INT_CONVERSION = YES;
				CLANG_WARN_NON_LITERAL_NULL_CONVERSION = YES;
				CLANG_WARN_OBJC_IMPLICIT_RETAIN_SELF = YES;
				CLANG_WARN_OBJC_LITERAL_CONVERSION = YES;
				CLANG_WARN_OBJC_ROOT_CLASS = YES_ERROR;
				CLANG_WARN_QUOTED_INCLUDE_IN_FRAMEWORK_HEADER = YES;
				CLANG_WARN_RANGE_LOOP_ANALYSIS = YES;
				CLANG_WARN_STRICT_PROTOTYPES = YES;
				CLANG_WARN_SUSPICIOUS_MOVE = YES;
				CLANG_WARN_UNGUARDED_AVAILABILITY = YES_AGGRESSIVE;
				CLANG_WARN_UNREACHABLE_CODE = YES;
				CLANG_WARN__DUPLICATE_METHOD_MATCH = YES;
				COPY_PHASE_STRIP = NO;
				DEBUG_INFORMATION_FORMAT = "dwarf-with-dsym";
				ENABLE_NS_ASSERTIONS = NO;
				ENABLE_STRICT_OBJC_MSGSEND = YES;
				GCC_C_LANGUAGE_STANDARD = gnu11;
				GCC_NO_COMMON_BLOCKS = YES;
				GCC_WARN_64_TO_32_BIT_CONVERSION = YES;
				GCC_WARN_ABOUT_RETURN_TYPE = YES_ERROR;
				GCC_WARN_UNDECLARED_SELECTOR = YES;
				GCC_WARN_UNINITIALIZED_AUTOS = YES_AGGRESSIVE;
				GCC_WARN_UNUSED_FUNCTION = YES;
				GCC_WARN_UNUSED_VARIABLE = YES;
				IPHONEOS_DEPLOYMENT_TARGET = 14.5;
				MTL_ENABLE_DEBUG_INFO = NO;
				MTL_FAST_MATH = YES;
				SDKROOT = iphoneos;
				SWIFT_COMPILATION_MODE = wholemodule;
				SWIFT_OPTIMIZATION_LEVEL = "-O";
				VALIDATE_PRODUCT = YES;
			};
			name = Release;
		};
		AD2A32E9269C6C7D00781FF0 /* Debug */ = {
			isa = XCBuildConfiguration;
			buildSettings = {
				ASSETCATALOG_COMPILER_APPICON_NAME = AppIcon;
				ASSETCATALOG_COMPILER_GLOBAL_ACCENT_COLOR_NAME = AccentColor;
				CODE_SIGN_STYLE = Automatic;
				DEVELOPMENT_TEAM = R6V3UCSNG3;
				INFOPLIST_FILE = APIClient/Info.plist;
				LD_RUNPATH_SEARCH_PATHS = (
					"$(inherited)",
					"@executable_path/Frameworks",
				);
				PRODUCT_BUNDLE_IDENTIFIER = com.ycompany.APIClient;
				PRODUCT_NAME = "$(TARGET_NAME)";
				SWIFT_VERSION = 5.0;
				TARGETED_DEVICE_FAMILY = "1,2";
			};
			name = Debug;
		};
		AD2A32EA269C6C7D00781FF0 /* Release */ = {
			isa = XCBuildConfiguration;
			buildSettings = {
				ASSETCATALOG_COMPILER_APPICON_NAME = AppIcon;
				ASSETCATALOG_COMPILER_GLOBAL_ACCENT_COLOR_NAME = AccentColor;
				CODE_SIGN_STYLE = Automatic;
				DEVELOPMENT_TEAM = R6V3UCSNG3;
				INFOPLIST_FILE = APIClient/Info.plist;
				LD_RUNPATH_SEARCH_PATHS = (
					"$(inherited)",
					"@executable_path/Frameworks",
				);
				PRODUCT_BUNDLE_IDENTIFIER = com.ycompany.APIClient;
				PRODUCT_NAME = "$(TARGET_NAME)";
				SWIFT_VERSION = 5.0;
				TARGETED_DEVICE_FAMILY = "1,2";
			};
			name = Release;
		};
/* End XCBuildConfiguration section */

/* Begin XCConfigurationList section */
		AD2A32CF269C6C7C00781FF0 /* Build configuration list for PBXProject "APIClient" */ = {
			isa = XCConfigurationList;
			buildConfigurations = (
				AD2A32E6269C6C7D00781FF0 /* Debug */,
				AD2A32E7269C6C7D00781FF0 /* Release */,
			);
			defaultConfigurationIsVisible = 0;
			defaultConfigurationName = Release;
		};
		AD2A32E8269C6C7D00781FF0 /* Build configuration list for PBXNativeTarget "APIClient" */ = {
			isa = XCConfigurationList;
			buildConfigurations = (
				AD2A32E9269C6C7D00781FF0 /* Debug */,
				AD2A32EA269C6C7D00781FF0 /* Release */,
			);
			defaultConfigurationIsVisible = 0;
			defaultConfigurationName = Release;
		};
/* End XCConfigurationList section */
	};
	rootObject = AD2A32CC269C6C7C00781FF0 /* Project object */;
}
